
Microsoft Visual Studio Solution File, Format Version 12.00
# Visual Studio Version 17
VisualStudioVersion = 17.4.33213.308
MinimumVisualStudioVersion = 10.0.40219.1
Project("{9A19103F-16F7-4668-BE54-9A1E7A4F7556}") = "LibApp", "LibApp\LibApp.csproj", "{AA44F3A7-2F86-41EF-A3D3-D4523BCC2EA3}"
EndProject
Project("{2150E333-8FDC-42A3-9474-1A3956D46DE8}") = "Solution Items", "Solution Items", "{F61EDC7C-9909-4448-9947-4BADC50A11C8}"
	ProjectSection(SolutionItems) = preProject
		Lib.txt = Lib.txt
	EndProjectSection
EndProject
Project("{FAE04EC0-301F-11D3-BF4B-00C04F79EFBC}") = "LibLib", "LibLib\LibLib.csproj", "{208708C6-8120-4CB0-98D8-31D7129E2D80}"
EndProject
Global
	GlobalSection(SolutionConfigurationPlatforms) = preSolution
		Debug|Any CPU = Debug|Any CPU
		Release|Any CPU = Release|Any CPU
	EndGlobalSection
	GlobalSection(ProjectConfigurationPlatforms) = postSolution
		{AA44F3A7-2F86-41EF-A3D3-D4523BCC2EA3}.Debug|Any CPU.ActiveCfg = Debug|Any CPU
		{AA44F3A7-2F86-41EF-A3D3-D4523BCC2EA3}.Debug|Any CPU.Build.0 = Debug|Any CPU
		{AA44F3A7-2F86-41EF-A3D3-D4523BCC2EA3}.Release|Any CPU.ActiveCfg = Release|Any CPU
		{AA44F3A7-2F86-41EF-A3D3-D4523BCC2EA3}.Release|Any CPU.Build.0 = Release|Any CPU
		{208708C6-8120-4CB0-98D8-31D7129E2D80}.Debug|Any CPU.ActiveCfg = Debug|Any CPU
		{208708C6-8120-4CB0-98D8-31D7129E2D80}.Debug|Any CPU.Build.0 = Debug|Any CPU
		{208708C6-8120-4CB0-98D8-31D7129E2D80}.Release|Any CPU.ActiveCfg = Release|Any CPU
		{208708C6-8120-4CB0-98D8-31D7129E2D80}.Release|Any CPU.Build.0 = Release|Any CPU
	EndGlobalSection
	GlobalSection(SolutionProperties) = preSolution
		HideSolutionNode = FALSE
	EndGlobalSection
	GlobalSection(ExtensibilityGlobals) = postSolution
		SolutionGuid = {B190C11F-B35C-4307-8C93-20B94855FCA6}
	EndGlobalSection
EndGlobal
